// !$*UTF8*$!
{
	archiveVersion = 1;
	classes = {
	};
	objectVersion = 56;
	objects = {

/* Begin PBXBuildFile section */
		90F4A0C22A4B72E80071ABE9 /* Useless_but_AmusingApp.swift in Sources */ = {isa = PBXBuildFile; fileRef = 90F4A0C12A4B72E80071ABE9 /* Useless_but_AmusingApp.swift */; };
		90F4A0C42A4B72E80071ABE9 /* ContentView.swift in Sources */ = {isa = PBXBuildFile; fileRef = 90F4A0C32A4B72E80071ABE9 /* ContentView.swift */; };
		90F4A0C62A4B72E80071ABE9 /* Assets.xcassets in Resources */ = {isa = PBXBuildFile; fileRef = 90F4A0C52A4B72E80071ABE9 /* Assets.xcassets */; };
		90F4A0C92A4B72E80071ABE9 /* Preview Assets.xcassets in Resources */ = {isa = PBXBuildFile; fileRef = 90F4A0C82A4B72E80071ABE9 /* Preview Assets.xcassets */; };
		F308FF2D2A4BB1EE005FA293 /* CollectionView.swift in Sources */ = {isa = PBXBuildFile; fileRef = F308FF2C2A4BB1EE005FA293 /* CollectionView.swift */; };
		F308FF2F2A4BB1F5005FA293 /* MapView.swift in Sources */ = {isa = PBXBuildFile; fileRef = F308FF2E2A4BB1F5005FA293 /* MapView.swift */; };
		F31040D22A4C640B001CDFCE /* LocationModel.swift in Sources */ = {isa = PBXBuildFile; fileRef = F31040D12A4C640B001CDFCE /* LocationModel.swift */; };
		F31040D42A4C6E82001CDFCE /* onLoad.swift in Sources */ = {isa = PBXBuildFile; fileRef = F31040D32A4C6E82001CDFCE /* onLoad.swift */; };
		F3316CFC2A4BE58500456452 /* MapAnnotationPoint.swift in Sources */ = {isa = PBXBuildFile; fileRef = F3316CFB2A4BE58500456452 /* MapAnnotationPoint.swift */; };
		F3316CFF2A4C083500456452 /* CollectableButtonView.swift in Sources */ = {isa = PBXBuildFile; fileRef = F3316CFE2A4C083500456452 /* CollectableButtonView.swift */; };
		F3316D022A4C087F00456452 /* CollectableButtonButtonStyle.swift in Sources */ = {isa = PBXBuildFile; fileRef = F3316D012A4C087F00456452 /* CollectableButtonButtonStyle.swift */; };
		F3316D042A4C091F00456452 /* AddButtonPreview.swift in Sources */ = {isa = PBXBuildFile; fileRef = F3316D032A4C091F00456452 /* AddButtonPreview.swift */; };
		F3316D062A4C12EB00456452 /* CollectableButtonManager.swift in Sources */ = {isa = PBXBuildFile; fileRef = F3316D052A4C12EB00456452 /* CollectableButtonManager.swift */; };
		F35B944C2A4C13F8008C7269 /* ColorCodability.swift in Sources */ = {isa = PBXBuildFile; fileRef = F35B944B2A4C13F8008C7269 /* ColorCodability.swift */; };
/* End PBXBuildFile section */

/* Begin PBXFileReference section */
		90F4A0BE2A4B72E80071ABE9 /* Useless but Amusing.app */ = {isa = PBXFileReference; explicitFileType = wrapper.application; includeInIndex = 0; path = "Useless but Amusing.app"; sourceTree = BUILT_PRODUCTS_DIR; };
		90F4A0C12A4B72E80071ABE9 /* Useless_but_AmusingApp.swift */ = {isa = PBXFileReference; lastKnownFileType = sourcecode.swift; path = Useless_but_AmusingApp.swift; sourceTree = "<group>"; };
		90F4A0C32A4B72E80071ABE9 /* ContentView.swift */ = {isa = PBXFileReference; lastKnownFileType = sourcecode.swift; path = ContentView.swift; sourceTree = "<group>"; };
		90F4A0C52A4B72E80071ABE9 /* Assets.xcassets */ = {isa = PBXFileReference; lastKnownFileType = folder.assetcatalog; path = Assets.xcassets; sourceTree = "<group>"; };
		90F4A0C82A4B72E80071ABE9 /* Preview Assets.xcassets */ = {isa = PBXFileReference; lastKnownFileType = folder.assetcatalog; path = "Preview Assets.xcassets"; sourceTree = "<group>"; };
		F308FF2C2A4BB1EE005FA293 /* CollectionView.swift */ = {isa = PBXFileReference; lastKnownFileType = sourcecode.swift; path = CollectionView.swift; sourceTree = "<group>"; };
		F308FF2E2A4BB1F5005FA293 /* MapView.swift */ = {isa = PBXFileReference; lastKnownFileType = sourcecode.swift; path = MapView.swift; sourceTree = "<group>"; };
		F308FF312A4BB707005FA293 /* Useless-but-Amusing-Info.plist */ = {isa = PBXFileReference; lastKnownFileType = text.plist; path = "Useless-but-Amusing-Info.plist"; sourceTree = SOURCE_ROOT; };
		F31040D12A4C640B001CDFCE /* LocationModel.swift */ = {isa = PBXFileReference; lastKnownFileType = sourcecode.swift; path = LocationModel.swift; sourceTree = "<group>"; };
		F31040D32A4C6E82001CDFCE /* onLoad.swift */ = {isa = PBXFileReference; lastKnownFileType = sourcecode.swift; path = onLoad.swift; sourceTree = "<group>"; };
		F3316CFB2A4BE58500456452 /* MapAnnotationPoint.swift */ = {isa = PBXFileReference; lastKnownFileType = sourcecode.swift; path = MapAnnotationPoint.swift; sourceTree = "<group>"; };
		F3316CFE2A4C083500456452 /* CollectableButtonView.swift */ = {isa = PBXFileReference; lastKnownFileType = sourcecode.swift; path = CollectableButtonView.swift; sourceTree = "<group>"; };
		F3316D012A4C087F00456452 /* CollectableButtonButtonStyle.swift */ = {isa = PBXFileReference; lastKnownFileType = sourcecode.swift; path = CollectableButtonButtonStyle.swift; sourceTree = "<group>"; };
		F3316D032A4C091F00456452 /* AddButtonPreview.swift */ = {isa = PBXFileReference; lastKnownFileType = sourcecode.swift; path = AddButtonPreview.swift; sourceTree = "<group>"; };
		F3316D052A4C12EB00456452 /* CollectableButtonManager.swift */ = {isa = PBXFileReference; lastKnownFileType = sourcecode.swift; path = CollectableButtonManager.swift; sourceTree = "<group>"; };
		F35B944B2A4C13F8008C7269 /* ColorCodability.swift */ = {isa = PBXFileReference; lastKnownFileType = sourcecode.swift; path = ColorCodability.swift; sourceTree = "<group>"; };
/* End PBXFileReference section */

/* Begin PBXFrameworksBuildPhase section */
		90F4A0BB2A4B72E80071ABE9 /* Frameworks */ = {
			isa = PBXFrameworksBuildPhase;
			buildActionMask = 2147483647;
			files = (
			);
			runOnlyForDeploymentPostprocessing = 0;
		};
/* End PBXFrameworksBuildPhase section */

/* Begin PBXGroup section */
		90F4A0B52A4B72E80071ABE9 = {
			isa = PBXGroup;
			children = (
				90F4A0C02A4B72E80071ABE9 /* Useless but Amusing */,
				90F4A0BF2A4B72E80071ABE9 /* Products */,
			);
			sourceTree = "<group>";
		};
		90F4A0BF2A4B72E80071ABE9 /* Products */ = {
			isa = PBXGroup;
			children = (
				90F4A0BE2A4B72E80071ABE9 /* Useless but Amusing.app */,
			);
			name = Products;
			sourceTree = "<group>";
		};
		90F4A0C02A4B72E80071ABE9 /* Useless but Amusing */ = {
			isa = PBXGroup;
			children = (
				F308FF312A4BB707005FA293 /* Useless-but-Amusing-Info.plist */,
				F308FF272A4BB176005FA293 /* Application */,
				F308FF302A4BB205005FA293 /* Models and Managers */,
				F308FF282A4BB184005FA293 /* UI */,
				90F4A0C72A4B72E80071ABE9 /* Preview Content */,
			);
			path = "Useless but Amusing";
			sourceTree = "<group>";
		};
		90F4A0C72A4B72E80071ABE9 /* Preview Content */ = {
			isa = PBXGroup;
			children = (
				90F4A0C82A4B72E80071ABE9 /* Preview Assets.xcassets */,
			);
			path = "Preview Content";
			sourceTree = "<group>";
		};
		F308FF272A4BB176005FA293 /* Application */ = {
			isa = PBXGroup;
			children = (
				90F4A0C12A4B72E80071ABE9 /* Useless_but_AmusingApp.swift */,
				90F4A0C32A4B72E80071ABE9 /* ContentView.swift */,
				90F4A0C52A4B72E80071ABE9 /* Assets.xcassets */,
			);
			path = Application;
			sourceTree = "<group>";
		};
		F308FF282A4BB184005FA293 /* UI */ = {
			isa = PBXGroup;
			children = (
				F3316D002A4C087100456452 /* Extensions */,
				F308FF292A4BB1A6005FA293 /* Main */,
			);
			path = UI;
			sourceTree = "<group>";
		};
		F308FF292A4BB1A6005FA293 /* Main */ = {
			isa = PBXGroup;
			children = (
				F3316CFD2A4C082600456452 /* Shared Views */,
				F308FF2A2A4BB1AC005FA293 /* Collection */,
				F308FF2B2A4BB1BA005FA293 /* Map */,
			);
			path = Main;
			sourceTree = "<group>";
		};
		F308FF2A2A4BB1AC005FA293 /* Collection */ = {
			isa = PBXGroup;
			children = (
				F308FF2C2A4BB1EE005FA293 /* CollectionView.swift */,
			);
			path = Collection;
			sourceTree = "<group>";
		};
		F308FF2B2A4BB1BA005FA293 /* Map */ = {
			isa = PBXGroup;
			children = (
				F308FF2E2A4BB1F5005FA293 /* MapView.swift */,
				F3316CFB2A4BE58500456452 /* MapAnnotationPoint.swift */,
				F3316D032A4C091F00456452 /* AddButtonPreview.swift */,
			);
			path = Map;
			sourceTree = "<group>";
		};
		F308FF302A4BB205005FA293 /* Models and Managers */ = {
			isa = PBXGroup;
			children = (
				F3316D052A4C12EB00456452 /* CollectableButtonManager.swift */,
				F31040D12A4C640B001CDFCE /* LocationModel.swift */,
			);
			path = "Models and Managers";
			sourceTree = "<group>";
		};
		F3316CFD2A4C082600456452 /* Shared Views */ = {
			isa = PBXGroup;
			children = (
				F3316CFE2A4C083500456452 /* CollectableButtonView.swift */,
			);
			path = "Shared Views";
			sourceTree = "<group>";
		};
		F3316D002A4C087100456452 /* Extensions */ = {
			isa = PBXGroup;
			children = (
				F3316D012A4C087F00456452 /* CollectableButtonButtonStyle.swift */,
				F35B944B2A4C13F8008C7269 /* ColorCodability.swift */,
				F31040D32A4C6E82001CDFCE /* onLoad.swift */,
			);
			path = Extensions;
			sourceTree = "<group>";
		};
/* End PBXGroup section */

/* Begin PBXNativeTarget section */
		90F4A0BD2A4B72E80071ABE9 /* Useless but Amusing */ = {
			isa = PBXNativeTarget;
			buildConfigurationList = 90F4A0E22A4B72E80071ABE9 /* Build configuration list for PBXNativeTarget "Useless but Amusing" */;
			buildPhases = (
				90F4A0BA2A4B72E80071ABE9 /* Sources */,
				90F4A0BB2A4B72E80071ABE9 /* Frameworks */,
				90F4A0BC2A4B72E80071ABE9 /* Resources */,
			);
			buildRules = (
			);
			dependencies = (
			);
			name = "Useless but Amusing";
			productName = "Useless but Amusing";
			productReference = 90F4A0BE2A4B72E80071ABE9 /* Useless but Amusing.app */;
			productType = "com.apple.product-type.application";
		};
/* End PBXNativeTarget section */

/* Begin PBXProject section */
		90F4A0B62A4B72E80071ABE9 /* Project object */ = {
			isa = PBXProject;
			attributes = {
				BuildIndependentTargetsInParallel = 1;
				LastSwiftUpdateCheck = 1420;
				LastUpgradeCheck = 1420;
				TargetAttributes = {
					90F4A0BD2A4B72E80071ABE9 = {
						CreatedOnToolsVersion = 14.2;
					};
				};
			};
			buildConfigurationList = 90F4A0B92A4B72E80071ABE9 /* Build configuration list for PBXProject "Useless but Amusing" */;
			compatibilityVersion = "Xcode 14.0";
			developmentRegion = en;
			hasScannedForEncodings = 0;
			knownRegions = (
				en,
				Base,
			);
			mainGroup = 90F4A0B52A4B72E80071ABE9;
			productRefGroup = 90F4A0BF2A4B72E80071ABE9 /* Products */;
			projectDirPath = "";
			projectRoot = "";
			targets = (
				90F4A0BD2A4B72E80071ABE9 /* Useless but Amusing */,
			);
		};
/* End PBXProject section */

/* Begin PBXResourcesBuildPhase section */
		90F4A0BC2A4B72E80071ABE9 /* Resources */ = {
			isa = PBXResourcesBuildPhase;
			buildActionMask = 2147483647;
			files = (
				90F4A0C92A4B72E80071ABE9 /* Preview Assets.xcassets in Resources */,
				90F4A0C62A4B72E80071ABE9 /* Assets.xcassets in Resources */,
			);
			runOnlyForDeploymentPostprocessing = 0;
		};
/* End PBXResourcesBuildPhase section */

/* Begin PBXSourcesBuildPhase section */
		90F4A0BA2A4B72E80071ABE9 /* Sources */ = {
			isa = PBXSourcesBuildPhase;
			buildActionMask = 2147483647;
			files = (
				F3316D042A4C091F00456452 /* AddButtonPreview.swift in Sources */,
				F308FF2D2A4BB1EE005FA293 /* CollectionView.swift in Sources */,
				F3316D022A4C087F00456452 /* CollectableButtonButtonStyle.swift in Sources */,
				F3316D062A4C12EB00456452 /* CollectableButtonManager.swift in Sources */,
				F31040D22A4C640B001CDFCE /* LocationModel.swift in Sources */,
				F3316CFF2A4C083500456452 /* CollectableButtonView.swift in Sources */,
				F308FF2F2A4BB1F5005FA293 /* MapView.swift in Sources */,
				F3316CFC2A4BE58500456452 /* MapAnnotationPoint.swift in Sources */,
				F35B944C2A4C13F8008C7269 /* ColorCodability.swift in Sources */,
				90F4A0C42A4B72E80071ABE9 /* ContentView.swift in Sources */,
				90F4A0C22A4B72E80071ABE9 /* Useless_but_AmusingApp.swift in Sources */,
				F31040D42A4C6E82001CDFCE /* onLoad.swift in Sources */,
			);
			runOnlyForDeploymentPostprocessing = 0;
		};
/* End PBXSourcesBuildPhase section */

/* Begin XCBuildConfiguration section */
		90F4A0E02A4B72E80071ABE9 /* Debug */ = {
			isa = XCBuildConfiguration;
			buildSettings = {
				ALWAYS_SEARCH_USER_PATHS = NO;
				CLANG_ANALYZER_NONNULL = YES;
				CLANG_ANALYZER_NUMBER_OBJECT_CONVERSION = YES_AGGRESSIVE;
				CLANG_CXX_LANGUAGE_STANDARD = "gnu++20";
				CLANG_ENABLE_MODULES = YES;
				CLANG_ENABLE_OBJC_ARC = YES;
				CLANG_ENABLE_OBJC_WEAK = YES;
				CLANG_WARN_BLOCK_CAPTURE_AUTORELEASING = YES;
				CLANG_WARN_BOOL_CONVERSION = YES;
				CLANG_WARN_COMMA = YES;
				CLANG_WARN_CONSTANT_CONVERSION = YES;
				CLANG_WARN_DEPRECATED_OBJC_IMPLEMENTATIONS = YES;
				CLANG_WARN_DIRECT_OBJC_ISA_USAGE = YES_ERROR;
				CLANG_WARN_DOCUMENTATION_COMMENTS = YES;
				CLANG_WARN_EMPTY_BODY = YES;
				CLANG_WARN_ENUM_CONVERSION = YES;
				CLANG_WARN_INFINITE_RECURSION = YES;
				CLANG_WARN_INT_CONVERSION = YES;
				CLANG_WARN_NON_LITERAL_NULL_CONVERSION = YES;
				CLANG_WARN_OBJC_IMPLICIT_RETAIN_SELF = YES;
				CLANG_WARN_OBJC_LITERAL_CONVERSION = YES;
				CLANG_WARN_OBJC_ROOT_CLASS = YES_ERROR;
				CLANG_WARN_QUOTED_INCLUDE_IN_FRAMEWORK_HEADER = YES;
				CLANG_WARN_RANGE_LOOP_ANALYSIS = YES;
				CLANG_WARN_STRICT_PROTOTYPES = YES;
				CLANG_WARN_SUSPICIOUS_MOVE = YES;
				CLANG_WARN_UNGUARDED_AVAILABILITY = YES_AGGRESSIVE;
				CLANG_WARN_UNREACHABLE_CODE = YES;
				CLANG_WARN__DUPLICATE_METHOD_MATCH = YES;
				COPY_PHASE_STRIP = NO;
				DEBUG_INFORMATION_FORMAT = dwarf;
				ENABLE_STRICT_OBJC_MSGSEND = YES;
				ENABLE_TESTABILITY = YES;
				GCC_C_LANGUAGE_STANDARD = gnu11;
				GCC_DYNAMIC_NO_PIC = NO;
				GCC_NO_COMMON_BLOCKS = YES;
				GCC_OPTIMIZATION_LEVEL = 0;
				GCC_PREPROCESSOR_DEFINITIONS = (
					"DEBUG=1",
					"$(inherited)",
				);
				GCC_WARN_64_TO_32_BIT_CONVERSION = YES;
				GCC_WARN_ABOUT_RETURN_TYPE = YES_ERROR;
				GCC_WARN_UNDECLARED_SELECTOR = YES;
				GCC_WARN_UNINITIALIZED_AUTOS = YES_AGGRESSIVE;
				GCC_WARN_UNUSED_FUNCTION = YES;
				GCC_WARN_UNUSED_VARIABLE = YES;
				IPHONEOS_DEPLOYMENT_TARGET = 16.2;
				MTL_ENABLE_DEBUG_INFO = INCLUDE_SOURCE;
				MTL_FAST_MATH = YES;
				ONLY_ACTIVE_ARCH = YES;
				SDKROOT = iphoneos;
				SWIFT_ACTIVE_COMPILATION_CONDITIONS = DEBUG;
				SWIFT_OPTIMIZATION_LEVEL = "-Onone";
			};
			name = Debug;
		};
		90F4A0E12A4B72E80071ABE9 /* Release */ = {
			isa = XCBuildConfiguration;
			buildSettings = {
				ALWAYS_SEARCH_USER_PATHS = NO;
				CLANG_ANALYZER_NONNULL = YES;
				CLANG_ANALYZER_NUMBER_OBJECT_CONVERSION = YES_AGGRESSIVE;
				CLANG_CXX_LANGUAGE_STANDARD = "gnu++20";
				CLANG_ENABLE_MODULES = YES;
				CLANG_ENABLE_OBJC_ARC = YES;
				CLANG_ENABLE_OBJC_WEAK = YES;
				CLANG_WARN_BLOCK_CAPTURE_AUTORELEASING = YES;
				CLANG_WARN_BOOL_CONVERSION = YES;
				CLANG_WARN_COMMA = YES;
				CLANG_WARN_CONSTANT_CONVERSION = YES;
				CLANG_WARN_DEPRECATED_OBJC_IMPLEMENTATIONS = YES;
				CLANG_WARN_DIRECT_OBJC_ISA_USAGE = YES_ERROR;
				CLANG_WARN_DOCUMENTATION_COMMENTS = YES;
				CLANG_WARN_EMPTY_BODY = YES;
				CLANG_WARN_ENUM_CONVERSION = YES;
				CLANG_WARN_INFINITE_RECURSION = YES;
				CLANG_WARN_INT_CONVERSION = YES;
				CLANG_WARN_NON_LITERAL_NULL_CONVERSION = YES;
				CLANG_WARN_OBJC_IMPLICIT_RETAIN_SELF = YES;
				CLANG_WARN_OBJC_LITERAL_CONVERSION = YES;
				CLANG_WARN_OBJC_ROOT_CLASS = YES_ERROR;
				CLANG_WARN_QUOTED_INCLUDE_IN_FRAMEWORK_HEADER = YES;
				CLANG_WARN_RANGE_LOOP_ANALYSIS = YES;
				CLANG_WARN_STRICT_PROTOTYPES = YES;
				CLANG_WARN_SUSPICIOUS_MOVE = YES;
				CLANG_WARN_UNGUARDED_AVAILABILITY = YES_AGGRESSIVE;
				CLANG_WARN_UNREACHABLE_CODE = YES;
				CLANG_WARN__DUPLICATE_METHOD_MATCH = YES;
				COPY_PHASE_STRIP = NO;
				DEBUG_INFORMATION_FORMAT = "dwarf-with-dsym";
				ENABLE_NS_ASSERTIONS = NO;
				ENABLE_STRICT_OBJC_MSGSEND = YES;
				GCC_C_LANGUAGE_STANDARD = gnu11;
				GCC_NO_COMMON_BLOCKS = YES;
				GCC_WARN_64_TO_32_BIT_CONVERSION = YES;
				GCC_WARN_ABOUT_RETURN_TYPE = YES_ERROR;
				GCC_WARN_UNDECLARED_SELECTOR = YES;
				GCC_WARN_UNINITIALIZED_AUTOS = YES_AGGRESSIVE;
				GCC_WARN_UNUSED_FUNCTION = YES;
				GCC_WARN_UNUSED_VARIABLE = YES;
				IPHONEOS_DEPLOYMENT_TARGET = 16.2;
				MTL_ENABLE_DEBUG_INFO = NO;
				MTL_FAST_MATH = YES;
				SDKROOT = iphoneos;
				SWIFT_COMPILATION_MODE = wholemodule;
				SWIFT_OPTIMIZATION_LEVEL = "-O";
				VALIDATE_PRODUCT = YES;
			};
			name = Release;
		};
		90F4A0E32A4B72E80071ABE9 /* Debug */ = {
			isa = XCBuildConfiguration;
			buildSettings = {
				ASSETCATALOG_COMPILER_APPICON_NAME = AppIcon;
				ASSETCATALOG_COMPILER_GLOBAL_ACCENT_COLOR_NAME = AccentColor;
				CODE_SIGN_IDENTITY = "Apple Development";
				CODE_SIGN_STYLE = Automatic;
				CURRENT_PROJECT_VERSION = 1;
				DEVELOPMENT_ASSET_PATHS = "\"Useless but Amusing/Preview Content\"";
				DEVELOPMENT_TEAM = DBBLGF84W3;
				ENABLE_PREVIEWS = YES;
				GENERATE_INFOPLIST_FILE = YES;
				INFOPLIST_FILE = "Useless-but-Amusing-Info.plist";
				INFOPLIST_KEY_NSLocationAlwaysAndWhenInUseUsageDescription = "Useless but Amusing needs to access your location to display it on the map.";
				INFOPLIST_KEY_NSLocationUsageDescription = "Useless but Amusing needs to access your location to display it on the map.";
				INFOPLIST_KEY_NSLocationWhenInUseUsageDescription = "Useless but Amusing needs to access your location to display it on the map.";
				INFOPLIST_KEY_UIApplicationSceneManifest_Generation = YES;
				INFOPLIST_KEY_UIApplicationSupportsIndirectInputEvents = YES;
				INFOPLIST_KEY_UILaunchScreen_Generation = YES;
				INFOPLIST_KEY_UISupportedInterfaceOrientations = UIInterfaceOrientationPortrait;
				INFOPLIST_KEY_UISupportedInterfaceOrientations_iPad = "UIInterfaceOrientationLandscapeLeft UIInterfaceOrientationLandscapeRight UIInterfaceOrientationPortrait UIInterfaceOrientationPortraitUpsideDown";
				LD_RUNPATH_SEARCH_PATHS = (
					"$(inherited)",
					"@executable_path/Frameworks",
				);
				MARKETING_VERSION = 1.0;
				PRODUCT_BUNDLE_IDENTIFIER = com.cheesetan.VisionApp;
				PRODUCT_NAME = "$(TARGET_NAME)";
				PROVISIONING_PROFILE_SPECIFIER = "";
				SUPPORTED_PLATFORMS = "iphoneos iphonesimulator";
				SUPPORTS_MACCATALYST = NO;
				SUPPORTS_MAC_DESIGNED_FOR_IPHONE_IPAD = NO;
				SWIFT_EMIT_LOC_STRINGS = YES;
				SWIFT_VERSION = 5.0;
				TARGETED_DEVICE_FAMILY = 1;
			};
			name = Debug;
		};
		90F4A0E42A4B72E80071ABE9 /* Release */ = {
			isa = XCBuildConfiguration;
			buildSettings = {
				ASSETCATALOG_COMPILER_APPICON_NAME = AppIcon;
				ASSETCATALOG_COMPILER_GLOBAL_ACCENT_COLOR_NAME = AccentColor;
				CODE_SIGN_STYLE = Automatic;
				CURRENT_PROJECT_VERSION = 1;
				DEVELOPMENT_ASSET_PATHS = "\"Useless but Amusing/Preview Content\"";
				DEVELOPMENT_TEAM = DBBLGF84W3;
				ENABLE_PREVIEWS = YES;
				GENERATE_INFOPLIST_FILE = YES;
				INFOPLIST_FILE = "Useless-but-Amusing-Info.plist";
				INFOPLIST_KEY_NSLocationAlwaysAndWhenInUseUsageDescription = "Useless but Amusing needs to access your location to display it on the map.";
				INFOPLIST_KEY_NSLocationUsageDescription = "Useless but Amusing needs to access your location to display it on the map.";
				INFOPLIST_KEY_NSLocationWhenInUseUsageDescription = "Useless but Amusing needs to access your location to display it on the map.";
				INFOPLIST_KEY_UIApplicationSceneManifest_Generation = YES;
				INFOPLIST_KEY_UIApplicationSupportsIndirectInputEvents = YES;
				INFOPLIST_KEY_UILaunchScreen_Generation = YES;
				INFOPLIST_KEY_UISupportedInterfaceOrientations = UIInterfaceOrientationPortrait;
				INFOPLIST_KEY_UISupportedInterfaceOrientations_iPad = "UIInterfaceOrientationLandscapeLeft UIInterfaceOrientationLandscapeRight UIInterfaceOrientationPortrait UIInterfaceOrientationPortraitUpsideDown";
				LD_RUNPATH_SEARCH_PATHS = (
					"$(inherited)",
					"@executable_path/Frameworks",
				);
				MARKETING_VERSION = 1.0;
				PRODUCT_BUNDLE_IDENTIFIER = com.cheesetan.VisionApp;
				PRODUCT_NAME = "$(TARGET_NAME)";
				SUPPORTED_PLATFORMS = "iphoneos iphonesimulator";
				SUPPORTS_MACCATALYST = NO;
				SUPPORTS_MAC_DESIGNED_FOR_IPHONE_IPAD = NO;
				SWIFT_EMIT_LOC_STRINGS = YES;
				SWIFT_VERSION = 5.0;
				TARGETED_DEVICE_FAMILY = 1;
			};
			name = Release;
		};
/* End XCBuildConfiguration section */

/* Begin XCConfigurationList section */
		90F4A0B92A4B72E80071ABE9 /* Build configuration list for PBXProject "Useless but Amusing" */ = {
			isa = XCConfigurationList;
			buildConfigurations = (
				90F4A0E02A4B72E80071ABE9 /* Debug */,
				90F4A0E12A4B72E80071ABE9 /* Release */,
			);
			defaultConfigurationIsVisible = 0;
			defaultConfigurationName = Release;
		};
		90F4A0E22A4B72E80071ABE9 /* Build configuration list for PBXNativeTarget "Useless but Amusing" */ = {
			isa = XCConfigurationList;
			buildConfigurations = (
				90F4A0E32A4B72E80071ABE9 /* Debug */,
				90F4A0E42A4B72E80071ABE9 /* Release */,
			);
			defaultConfigurationIsVisible = 0;
			defaultConfigurationName = Release;
		};
/* End XCConfigurationList section */
	};
	rootObject = 90F4A0B62A4B72E80071ABE9 /* Project object */;
}
