// !$*UTF8*$!
{
	archiveVersion = 1;
	classes = {
	};
	objectVersion = 56;
	objects = {

/* Begin PBXBuildFile section */
		90F4A0C22A4B72E80071ABE9 /* Useless_but_AmusingApp.swift in Sources */ = {isa = PBXBuildFile; fileRef = 90F4A0C12A4B72E80071ABE9 /* Useless_but_AmusingApp.swift */; };
		90F4A0C42A4B72E80071ABE9 /* ContentView.swift in Sources */ = {isa = PBXBuildFile; fileRef = 90F4A0C32A4B72E80071ABE9 /* ContentView.swift */; };
		90F4A0C62A4B72E80071ABE9 /* Assets.xcassets in Resources */ = {isa = PBXBuildFile; fileRef = 90F4A0C52A4B72E80071ABE9 /* Assets.xcassets */; };
		90F4A0C92A4B72E80071ABE9 /* Preview Assets.xcassets in Resources */ = {isa = PBXBuildFile; fileRef = 90F4A0C82A4B72E80071ABE9 /* Preview Assets.xcassets */; };
		90F4A0D32A4B72E80071ABE9 /* Useless_but_AmusingTests.swift in Sources */ = {isa = PBXBuildFile; fileRef = 90F4A0D22A4B72E80071ABE9 /* Useless_but_AmusingTests.swift */; };
		90F4A0DD2A4B72E80071ABE9 /* Useless_but_AmusingUITests.swift in Sources */ = {isa = PBXBuildFile; fileRef = 90F4A0DC2A4B72E80071ABE9 /* Useless_but_AmusingUITests.swift */; };
		90F4A0DF2A4B72E80071ABE9 /* Useless_but_AmusingUITestsLaunchTests.swift in Sources */ = {isa = PBXBuildFile; fileRef = 90F4A0DE2A4B72E80071ABE9 /* Useless_but_AmusingUITestsLaunchTests.swift */; };
/* End PBXBuildFile section */

/* Begin PBXContainerItemProxy section */
		90F4A0CF2A4B72E80071ABE9 /* PBXContainerItemProxy */ = {
			isa = PBXContainerItemProxy;
			containerPortal = 90F4A0B62A4B72E80071ABE9 /* Project object */;
			proxyType = 1;
			remoteGlobalIDString = 90F4A0BD2A4B72E80071ABE9;
			remoteInfo = "Useless but Amusing";
		};
		90F4A0D92A4B72E80071ABE9 /* PBXContainerItemProxy */ = {
			isa = PBXContainerItemProxy;
			containerPortal = 90F4A0B62A4B72E80071ABE9 /* Project object */;
			proxyType = 1;
			remoteGlobalIDString = 90F4A0BD2A4B72E80071ABE9;
			remoteInfo = "Useless but Amusing";
		};
/* End PBXContainerItemProxy section */

/* Begin PBXFileReference section */
		90F4A0BE2A4B72E80071ABE9 /* Useless but Amusing.app */ = {isa = PBXFileReference; explicitFileType = wrapper.application; includeInIndex = 0; path = "Useless but Amusing.app"; sourceTree = BUILT_PRODUCTS_DIR; };
		90F4A0C12A4B72E80071ABE9 /* Useless_but_AmusingApp.swift */ = {isa = PBXFileReference; lastKnownFileType = sourcecode.swift; path = Useless_but_AmusingApp.swift; sourceTree = "<group>"; };
		90F4A0C32A4B72E80071ABE9 /* ContentView.swift */ = {isa = PBXFileReference; lastKnownFileType = sourcecode.swift; path = ContentView.swift; sourceTree = "<group>"; };
		90F4A0C52A4B72E80071ABE9 /* Assets.xcassets */ = {isa = PBXFileReference; lastKnownFileType = folder.assetcatalog; path = Assets.xcassets; sourceTree = "<group>"; };
		90F4A0C82A4B72E80071ABE9 /* Preview Assets.xcassets */ = {isa = PBXFileReference; lastKnownFileType = folder.assetcatalog; path = "Preview Assets.xcassets"; sourceTree = "<group>"; };
		90F4A0CE2A4B72E80071ABE9 /* Useless but AmusingTests.xctest */ = {isa = PBXFileReference; explicitFileType = wrapper.cfbundle; includeInIndex = 0; path = "Useless but AmusingTests.xctest"; sourceTree = BUILT_PRODUCTS_DIR; };
		90F4A0D22A4B72E80071ABE9 /* Useless_but_AmusingTests.swift */ = {isa = PBXFileReference; lastKnownFileType = sourcecode.swift; path = Useless_but_AmusingTests.swift; sourceTree = "<group>"; };
		90F4A0D82A4B72E80071ABE9 /* Useless but AmusingUITests.xctest */ = {isa = PBXFileReference; explicitFileType = wrapper.cfbundle; includeInIndex = 0; path = "Useless but AmusingUITests.xctest"; sourceTree = BUILT_PRODUCTS_DIR; };
		90F4A0DC2A4B72E80071ABE9 /* Useless_but_AmusingUITests.swift */ = {isa = PBXFileReference; lastKnownFileType = sourcecode.swift; path = Useless_but_AmusingUITests.swift; sourceTree = "<group>"; };
		90F4A0DE2A4B72E80071ABE9 /* Useless_but_AmusingUITestsLaunchTests.swift */ = {isa = PBXFileReference; lastKnownFileType = sourcecode.swift; path = Useless_but_AmusingUITestsLaunchTests.swift; sourceTree = "<group>"; };
/* End PBXFileReference section */

/* Begin PBXFrameworksBuildPhase section */
		90F4A0BB2A4B72E80071ABE9 /* Frameworks */ = {
			isa = PBXFrameworksBuildPhase;
			buildActionMask = 2147483647;
			files = (
			);
			runOnlyForDeploymentPostprocessing = 0;
		};
		90F4A0CB2A4B72E80071ABE9 /* Frameworks */ = {
			isa = PBXFrameworksBuildPhase;
			buildActionMask = 2147483647;
			files = (
			);
			runOnlyForDeploymentPostprocessing = 0;
		};
		90F4A0D52A4B72E80071ABE9 /* Frameworks */ = {
			isa = PBXFrameworksBuildPhase;
			buildActionMask = 2147483647;
			files = (
			);
			runOnlyForDeploymentPostprocessing = 0;
		};
/* End PBXFrameworksBuildPhase section */

/* Begin PBXGroup section */
		90F4A0B52A4B72E80071ABE9 = {
			isa = PBXGroup;
			children = (
				90F4A0C02A4B72E80071ABE9 /* Useless but Amusing */,
				90F4A0D12A4B72E80071ABE9 /* Useless but AmusingTests */,
				90F4A0DB2A4B72E80071ABE9 /* Useless but AmusingUITests */,
				90F4A0BF2A4B72E80071ABE9 /* Products */,
			);
			sourceTree = "<group>";
		};
		90F4A0BF2A4B72E80071ABE9 /* Products */ = {
			isa = PBXGroup;
			children = (
				90F4A0BE2A4B72E80071ABE9 /* Useless but Amusing.app */,
				90F4A0CE2A4B72E80071ABE9 /* Useless but AmusingTests.xctest */,
				90F4A0D82A4B72E80071ABE9 /* Useless but AmusingUITests.xctest */,
			);
			name = Products;
			sourceTree = "<group>";
		};
		90F4A0C02A4B72E80071ABE9 /* Useless but Amusing */ = {
			isa = PBXGroup;
			children = (
				90F4A0C12A4B72E80071ABE9 /* Useless_but_AmusingApp.swift */,
				90F4A0C32A4B72E80071ABE9 /* ContentView.swift */,
				90F4A0C52A4B72E80071ABE9 /* Assets.xcassets */,
				90F4A0C72A4B72E80071ABE9 /* Preview Content */,
			);
			path = "Useless but Amusing";
			sourceTree = "<group>";
		};
		90F4A0C72A4B72E80071ABE9 /* Preview Content */ = {
			isa = PBXGroup;
			children = (
				90F4A0C82A4B72E80071ABE9 /* Preview Assets.xcassets */,
			);
			path = "Preview Content";
			sourceTree = "<group>";
		};
		90F4A0D12A4B72E80071ABE9 /* Useless but AmusingTests */ = {
			isa = PBXGroup;
			children = (
				90F4A0D22A4B72E80071ABE9 /* Useless_but_AmusingTests.swift */,
			);
			path = "Useless but AmusingTests";
			sourceTree = "<group>";
		};
		90F4A0DB2A4B72E80071ABE9 /* Useless but AmusingUITests */ = {
			isa = PBXGroup;
			children = (
				90F4A0DC2A4B72E80071ABE9 /* Useless_but_AmusingUITests.swift */,
				90F4A0DE2A4B72E80071ABE9 /* Useless_but_AmusingUITestsLaunchTests.swift */,
			);
			path = "Useless but AmusingUITests";
			sourceTree = "<group>";
		};
/* End PBXGroup section */

/* Begin PBXNativeTarget section */
		90F4A0BD2A4B72E80071ABE9 /* Useless but Amusing */ = {
			isa = PBXNativeTarget;
			buildConfigurationList = 90F4A0E22A4B72E80071ABE9 /* Build configuration list for PBXNativeTarget "Useless but Amusing" */;
			buildPhases = (
				90F4A0BA2A4B72E80071ABE9 /* Sources */,
				90F4A0BB2A4B72E80071ABE9 /* Frameworks */,
				90F4A0BC2A4B72E80071ABE9 /* Resources */,
			);
			buildRules = (
			);
			dependencies = (
			);
			name = "Useless but Amusing";
			productName = "Useless but Amusing";
			productReference = 90F4A0BE2A4B72E80071ABE9 /* Useless but Amusing.app */;
			productType = "com.apple.product-type.application";
		};
		90F4A0CD2A4B72E80071ABE9 /* Useless but AmusingTests */ = {
			isa = PBXNativeTarget;
			buildConfigurationList = 90F4A0E52A4B72E80071ABE9 /* Build configuration list for PBXNativeTarget "Useless but AmusingTests" */;
			buildPhases = (
				90F4A0CA2A4B72E80071ABE9 /* Sources */,
				90F4A0CB2A4B72E80071ABE9 /* Frameworks */,
				90F4A0CC2A4B72E80071ABE9 /* Resources */,
			);
			buildRules = (
			);
			dependencies = (
				90F4A0D02A4B72E80071ABE9 /* PBXTargetDependency */,
			);
			name = "Useless but AmusingTests";
			productName = "Useless but AmusingTests";
			productReference = 90F4A0CE2A4B72E80071ABE9 /* Useless but AmusingTests.xctest */;
			productType = "com.apple.product-type.bundle.unit-test";
		};
		90F4A0D72A4B72E80071ABE9 /* Useless but AmusingUITests */ = {
			isa = PBXNativeTarget;
			buildConfigurationList = 90F4A0E82A4B72E80071ABE9 /* Build configuration list for PBXNativeTarget "Useless but AmusingUITests" */;
			buildPhases = (
				90F4A0D42A4B72E80071ABE9 /* Sources */,
				90F4A0D52A4B72E80071ABE9 /* Frameworks */,
				90F4A0D62A4B72E80071ABE9 /* Resources */,
			);
			buildRules = (
			);
			dependencies = (
				90F4A0DA2A4B72E80071ABE9 /* PBXTargetDependency */,
			);
			name = "Useless but AmusingUITests";
			productName = "Useless but AmusingUITests";
			productReference = 90F4A0D82A4B72E80071ABE9 /* Useless but AmusingUITests.xctest */;
			productType = "com.apple.product-type.bundle.ui-testing";
		};
/* End PBXNativeTarget section */

/* Begin PBXProject section */
		90F4A0B62A4B72E80071ABE9 /* Project object */ = {
			isa = PBXProject;
			attributes = {
				BuildIndependentTargetsInParallel = 1;
				LastSwiftUpdateCheck = 1420;
				LastUpgradeCheck = 1420;
				TargetAttributes = {
					90F4A0BD2A4B72E80071ABE9 = {
						CreatedOnToolsVersion = 14.2;
					};
					90F4A0CD2A4B72E80071ABE9 = {
						CreatedOnToolsVersion = 14.2;
						TestTargetID = 90F4A0BD2A4B72E80071ABE9;
					};
					90F4A0D72A4B72E80071ABE9 = {
						CreatedOnToolsVersion = 14.2;
						TestTargetID = 90F4A0BD2A4B72E80071ABE9;
					};
				};
			};
			buildConfigurationList = 90F4A0B92A4B72E80071ABE9 /* Build configuration list for PBXProject "Useless but Amusing" */;
			compatibilityVersion = "Xcode 14.0";
			developmentRegion = en;
			hasScannedForEncodings = 0;
			knownRegions = (
				en,
				Base,
			);
			mainGroup = 90F4A0B52A4B72E80071ABE9;
			productRefGroup = 90F4A0BF2A4B72E80071ABE9 /* Products */;
			projectDirPath = "";
			projectRoot = "";
			targets = (
				90F4A0BD2A4B72E80071ABE9 /* Useless but Amusing */,
				90F4A0CD2A4B72E80071ABE9 /* Useless but AmusingTests */,
				90F4A0D72A4B72E80071ABE9 /* Useless but AmusingUITests */,
			);
		};
/* End PBXProject section */

/* Begin PBXResourcesBuildPhase section */
		90F4A0BC2A4B72E80071ABE9 /* Resources */ = {
			isa = PBXResourcesBuildPhase;
			buildActionMask = 2147483647;
			files = (
				90F4A0C92A4B72E80071ABE9 /* Preview Assets.xcassets in Resources */,
				90F4A0C62A4B72E80071ABE9 /* Assets.xcassets in Resources */,
			);
			runOnlyForDeploymentPostprocessing = 0;
		};
		90F4A0CC2A4B72E80071ABE9 /* Resources */ = {
			isa = PBXResourcesBuildPhase;
			buildActionMask = 2147483647;
			files = (
			);
			runOnlyForDeploymentPostprocessing = 0;
		};
		90F4A0D62A4B72E80071ABE9 /* Resources */ = {
			isa = PBXResourcesBuildPhase;
			buildActionMask = 2147483647;
			files = (
			);
			runOnlyForDeploymentPostprocessing = 0;
		};
/* End PBXResourcesBuildPhase section */

/* Begin PBXSourcesBuildPhase section */
		90F4A0BA2A4B72E80071ABE9 /* Sources */ = {
			isa = PBXSourcesBuildPhase;
			buildActionMask = 2147483647;
			files = (
				90F4A0C42A4B72E80071ABE9 /* ContentView.swift in Sources */,
				90F4A0C22A4B72E80071ABE9 /* Useless_but_AmusingApp.swift in Sources */,
			);
			runOnlyForDeploymentPostprocessing = 0;
		};
		90F4A0CA2A4B72E80071ABE9 /* Sources */ = {
			isa = PBXSourcesBuildPhase;
			buildActionMask = 2147483647;
			files = (
				90F4A0D32A4B72E80071ABE9 /* Useless_but_AmusingTests.swift in Sources */,
			);
			runOnlyForDeploymentPostprocessing = 0;
		};
		90F4A0D42A4B72E80071ABE9 /* Sources */ = {
			isa = PBXSourcesBuildPhase;
			buildActionMask = 2147483647;
			files = (
				90F4A0DF2A4B72E80071ABE9 /* Useless_but_AmusingUITestsLaunchTests.swift in Sources */,
				90F4A0DD2A4B72E80071ABE9 /* Useless_but_AmusingUITests.swift in Sources */,
			);
			runOnlyForDeploymentPostprocessing = 0;
		};
/* End PBXSourcesBuildPhase section */

/* Begin PBXTargetDependency section */
		90F4A0D02A4B72E80071ABE9 /* PBXTargetDependency */ = {
			isa = PBXTargetDependency;
			target = 90F4A0BD2A4B72E80071ABE9 /* Useless but Amusing */;
			targetProxy = 90F4A0CF2A4B72E80071ABE9 /* PBXContainerItemProxy */;
		};
		90F4A0DA2A4B72E80071ABE9 /* PBXTargetDependency */ = {
			isa = PBXTargetDependency;
			target = 90F4A0BD2A4B72E80071ABE9 /* Useless but Amusing */;
			targetProxy = 90F4A0D92A4B72E80071ABE9 /* PBXContainerItemProxy */;
		};
/* End PBXTargetDependency section */

/* Begin XCBuildConfiguration section */
		90F4A0E02A4B72E80071ABE9 /* Debug */ = {
			isa = XCBuildConfiguration;
			buildSettings = {
				ALWAYS_SEARCH_USER_PATHS = NO;
				CLANG_ANALYZER_NONNULL = YES;
				CLANG_ANALYZER_NUMBER_OBJECT_CONVERSION = YES_AGGRESSIVE;
				CLANG_CXX_LANGUAGE_STANDARD = "gnu++20";
				CLANG_ENABLE_MODULES = YES;
				CLANG_ENABLE_OBJC_ARC = YES;
				CLANG_ENABLE_OBJC_WEAK = YES;
				CLANG_WARN_BLOCK_CAPTURE_AUTORELEASING = YES;
				CLANG_WARN_BOOL_CONVERSION = YES;
				CLANG_WARN_COMMA = YES;
				CLANG_WARN_CONSTANT_CONVERSION = YES;
				CLANG_WARN_DEPRECATED_OBJC_IMPLEMENTATIONS = YES;
				CLANG_WARN_DIRECT_OBJC_ISA_USAGE = YES_ERROR;
				CLANG_WARN_DOCUMENTATION_COMMENTS = YES;
				CLANG_WARN_EMPTY_BODY = YES;
				CLANG_WARN_ENUM_CONVERSION = YES;
				CLANG_WARN_INFINITE_RECURSION = YES;
				CLANG_WARN_INT_CONVERSION = YES;
				CLANG_WARN_NON_LITERAL_NULL_CONVERSION = YES;
				CLANG_WARN_OBJC_IMPLICIT_RETAIN_SELF = YES;
				CLANG_WARN_OBJC_LITERAL_CONVERSION = YES;
				CLANG_WARN_OBJC_ROOT_CLASS = YES_ERROR;
				CLANG_WARN_QUOTED_INCLUDE_IN_FRAMEWORK_HEADER = YES;
				CLANG_WARN_RANGE_LOOP_ANALYSIS = YES;
				CLANG_WARN_STRICT_PROTOTYPES = YES;
				CLANG_WARN_SUSPICIOUS_MOVE = YES;
				CLANG_WARN_UNGUARDED_AVAILABILITY = YES_AGGRESSIVE;
				CLANG_WARN_UNREACHABLE_CODE = YES;
				CLANG_WARN__DUPLICATE_METHOD_MATCH = YES;
				COPY_PHASE_STRIP = NO;
				DEBUG_INFORMATION_FORMAT = dwarf;
				ENABLE_STRICT_OBJC_MSGSEND = YES;
				ENABLE_TESTABILITY = YES;
				GCC_C_LANGUAGE_STANDARD = gnu11;
				GCC_DYNAMIC_NO_PIC = NO;
				GCC_NO_COMMON_BLOCKS = YES;
				GCC_OPTIMIZATION_LEVEL = 0;
				GCC_PREPROCESSOR_DEFINITIONS = (
					"DEBUG=1",
					"$(inherited)",
				);
				GCC_WARN_64_TO_32_BIT_CONVERSION = YES;
				GCC_WARN_ABOUT_RETURN_TYPE = YES_ERROR;
				GCC_WARN_UNDECLARED_SELECTOR = YES;
				GCC_WARN_UNINITIALIZED_AUTOS = YES_AGGRESSIVE;
				GCC_WARN_UNUSED_FUNCTION = YES;
				GCC_WARN_UNUSED_VARIABLE = YES;
				IPHONEOS_DEPLOYMENT_TARGET = 16.2;
				MTL_ENABLE_DEBUG_INFO = INCLUDE_SOURCE;
				MTL_FAST_MATH = YES;
				ONLY_ACTIVE_ARCH = YES;
				SDKROOT = iphoneos;
				SWIFT_ACTIVE_COMPILATION_CONDITIONS = DEBUG;
				SWIFT_OPTIMIZATION_LEVEL = "-Onone";
			};
			name = Debug;
		};
		90F4A0E12A4B72E80071ABE9 /* Release */ = {
			isa = XCBuildConfiguration;
			buildSettings = {
				ALWAYS_SEARCH_USER_PATHS = NO;
				CLANG_ANALYZER_NONNULL = YES;
				CLANG_ANALYZER_NUMBER_OBJECT_CONVERSION = YES_AGGRESSIVE;
				CLANG_CXX_LANGUAGE_STANDARD = "gnu++20";
				CLANG_ENABLE_MODULES = YES;
				CLANG_ENABLE_OBJC_ARC = YES;
				CLANG_ENABLE_OBJC_WEAK = YES;
				CLANG_WARN_BLOCK_CAPTURE_AUTORELEASING = YES;
				CLANG_WARN_BOOL_CONVERSION = YES;
				CLANG_WARN_COMMA = YES;
				CLANG_WARN_CONSTANT_CONVERSION = YES;
				CLANG_WARN_DEPRECATED_OBJC_IMPLEMENTATIONS = YES;
				CLANG_WARN_DIRECT_OBJC_ISA_USAGE = YES_ERROR;
				CLANG_WARN_DOCUMENTATION_COMMENTS = YES;
				CLANG_WARN_EMPTY_BODY = YES;
				CLANG_WARN_ENUM_CONVERSION = YES;
				CLANG_WARN_INFINITE_RECURSION = YES;
				CLANG_WARN_INT_CONVERSION = YES;
				CLANG_WARN_NON_LITERAL_NULL_CONVERSION = YES;
				CLANG_WARN_OBJC_IMPLICIT_RETAIN_SELF = YES;
				CLANG_WARN_OBJC_LITERAL_CONVERSION = YES;
				CLANG_WARN_OBJC_ROOT_CLASS = YES_ERROR;
				CLANG_WARN_QUOTED_INCLUDE_IN_FRAMEWORK_HEADER = YES;
				CLANG_WARN_RANGE_LOOP_ANALYSIS = YES;
				CLANG_WARN_STRICT_PROTOTYPES = YES;
				CLANG_WARN_SUSPICIOUS_MOVE = YES;
				CLANG_WARN_UNGUARDED_AVAILABILITY = YES_AGGRESSIVE;
				CLANG_WARN_UNREACHABLE_CODE = YES;
				CLANG_WARN__DUPLICATE_METHOD_MATCH = YES;
				COPY_PHASE_STRIP = NO;
				DEBUG_INFORMATION_FORMAT = "dwarf-with-dsym";
				ENABLE_NS_ASSERTIONS = NO;
				ENABLE_STRICT_OBJC_MSGSEND = YES;
				GCC_C_LANGUAGE_STANDARD = gnu11;
				GCC_NO_COMMON_BLOCKS = YES;
				GCC_WARN_64_TO_32_BIT_CONVERSION = YES;
				GCC_WARN_ABOUT_RETURN_TYPE = YES_ERROR;
				GCC_WARN_UNDECLARED_SELECTOR = YES;
				GCC_WARN_UNINITIALIZED_AUTOS = YES_AGGRESSIVE;
				GCC_WARN_UNUSED_FUNCTION = YES;
				GCC_WARN_UNUSED_VARIABLE = YES;
				IPHONEOS_DEPLOYMENT_TARGET = 16.2;
				MTL_ENABLE_DEBUG_INFO = NO;
				MTL_FAST_MATH = YES;
				SDKROOT = iphoneos;
				SWIFT_COMPILATION_MODE = wholemodule;
				SWIFT_OPTIMIZATION_LEVEL = "-O";
				VALIDATE_PRODUCT = YES;
			};
			name = Release;
		};
		90F4A0E32A4B72E80071ABE9 /* Debug */ = {
			isa = XCBuildConfiguration;
			buildSettings = {
				ASSETCATALOG_COMPILER_APPICON_NAME = AppIcon;
				ASSETCATALOG_COMPILER_GLOBAL_ACCENT_COLOR_NAME = AccentColor;
				CODE_SIGN_STYLE = Automatic;
				CURRENT_PROJECT_VERSION = 1;
				DEVELOPMENT_ASSET_PATHS = "\"Useless but Amusing/Preview Content\"";
				ENABLE_PREVIEWS = YES;
				GENERATE_INFOPLIST_FILE = YES;
				INFOPLIST_KEY_UIApplicationSceneManifest_Generation = YES;
				INFOPLIST_KEY_UIApplicationSupportsIndirectInputEvents = YES;
				INFOPLIST_KEY_UILaunchScreen_Generation = YES;
				INFOPLIST_KEY_UISupportedInterfaceOrientations_iPad = "UIInterfaceOrientationPortrait UIInterfaceOrientationPortraitUpsideDown UIInterfaceOrientationLandscapeLeft UIInterfaceOrientationLandscapeRight";
				INFOPLIST_KEY_UISupportedInterfaceOrientations_iPhone = "UIInterfaceOrientationPortrait UIInterfaceOrientationLandscapeLeft UIInterfaceOrientationLandscapeRight";
				LD_RUNPATH_SEARCH_PATHS = (
					"$(inherited)",
					"@executable_path/Frameworks",
				);
				MARKETING_VERSION = 1.0;
				PRODUCT_BUNDLE_IDENTIFIER = "com.raenadya.Useless-but-Amusing";
				PRODUCT_NAME = "$(TARGET_NAME)";
				SWIFT_EMIT_LOC_STRINGS = YES;
				SWIFT_VERSION = 5.0;
				TARGETED_DEVICE_FAMILY = "1,2";
			};
			name = Debug;
		};
		90F4A0E42A4B72E80071ABE9 /* Release */ = {
			isa = XCBuildConfiguration;
			buildSettings = {
				ASSETCATALOG_COMPILER_APPICON_NAME = AppIcon;
				ASSETCATALOG_COMPILER_GLOBAL_ACCENT_COLOR_NAME = AccentColor;
				CODE_SIGN_STYLE = Automatic;
				CURRENT_PROJECT_VERSION = 1;
				DEVELOPMENT_ASSET_PATHS = "\"Useless but Amusing/Preview Content\"";
				ENABLE_PREVIEWS = YES;
				GENERATE_INFOPLIST_FILE = YES;
				INFOPLIST_KEY_UIApplicationSceneManifest_Generation = YES;
				INFOPLIST_KEY_UIApplicationSupportsIndirectInputEvents = YES;
				INFOPLIST_KEY_UILaunchScreen_Generation = YES;
				INFOPLIST_KEY_UISupportedInterfaceOrientations_iPad = "UIInterfaceOrientationPortrait UIInterfaceOrientationPortraitUpsideDown UIInterfaceOrientationLandscapeLeft UIInterfaceOrientationLandscapeRight";
				INFOPLIST_KEY_UISupportedInterfaceOrientations_iPhone = "UIInterfaceOrientationPortrait UIInterfaceOrientationLandscapeLeft UIInterfaceOrientationLandscapeRight";
				LD_RUNPATH_SEARCH_PATHS = (
					"$(inherited)",
					"@executable_path/Frameworks",
				);
				MARKETING_VERSION = 1.0;
				PRODUCT_BUNDLE_IDENTIFIER = "com.raenadya.Useless-but-Amusing";
				PRODUCT_NAME = "$(TARGET_NAME)";
				SWIFT_EMIT_LOC_STRINGS = YES;
				SWIFT_VERSION = 5.0;
				TARGETED_DEVICE_FAMILY = "1,2";
			};
			name = Release;
		};
		90F4A0E62A4B72E80071ABE9 /* Debug */ = {
			isa = XCBuildConfiguration;
			buildSettings = {
				ALWAYS_EMBED_SWIFT_STANDARD_LIBRARIES = YES;
				BUNDLE_LOADER = "$(TEST_HOST)";
				CODE_SIGN_STYLE = Automatic;
				CURRENT_PROJECT_VERSION = 1;
				GENERATE_INFOPLIST_FILE = YES;
				IPHONEOS_DEPLOYMENT_TARGET = 16.2;
				MARKETING_VERSION = 1.0;
				PRODUCT_BUNDLE_IDENTIFIER = "com.raenadya.Useless-but-AmusingTests";
				PRODUCT_NAME = "$(TARGET_NAME)";
				SWIFT_EMIT_LOC_STRINGS = NO;
				SWIFT_VERSION = 5.0;
				TARGETED_DEVICE_FAMILY = "1,2";
				TEST_HOST = "$(BUILT_PRODUCTS_DIR)/Useless but Amusing.app/$(BUNDLE_EXECUTABLE_FOLDER_PATH)/Useless but Amusing";
			};
			name = Debug;
		};
		90F4A0E72A4B72E80071ABE9 /* Release */ = {
			isa = XCBuildConfiguration;
			buildSettings = {
				ALWAYS_EMBED_SWIFT_STANDARD_LIBRARIES = YES;
				BUNDLE_LOADER = "$(TEST_HOST)";
				CODE_SIGN_STYLE = Automatic;
				CURRENT_PROJECT_VERSION = 1;
				GENERATE_INFOPLIST_FILE = YES;
				IPHONEOS_DEPLOYMENT_TARGET = 16.2;
				MARKETING_VERSION = 1.0;
				PRODUCT_BUNDLE_IDENTIFIER = "com.raenadya.Useless-but-AmusingTests";
				PRODUCT_NAME = "$(TARGET_NAME)";
				SWIFT_EMIT_LOC_STRINGS = NO;
				SWIFT_VERSION = 5.0;
				TARGETED_DEVICE_FAMILY = "1,2";
				TEST_HOST = "$(BUILT_PRODUCTS_DIR)/Useless but Amusing.app/$(BUNDLE_EXECUTABLE_FOLDER_PATH)/Useless but Amusing";
			};
			name = Release;
		};
		90F4A0E92A4B72E80071ABE9 /* Debug */ = {
			isa = XCBuildConfiguration;
			buildSettings = {
				ALWAYS_EMBED_SWIFT_STANDARD_LIBRARIES = YES;
				CODE_SIGN_STYLE = Automatic;
				CURRENT_PROJECT_VERSION = 1;
				GENERATE_INFOPLIST_FILE = YES;
				MARKETING_VERSION = 1.0;
				PRODUCT_BUNDLE_IDENTIFIER = "com.raenadya.Useless-but-AmusingUITests";
				PRODUCT_NAME = "$(TARGET_NAME)";
				SWIFT_EMIT_LOC_STRINGS = NO;
				SWIFT_VERSION = 5.0;
				TARGETED_DEVICE_FAMILY = "1,2";
				TEST_TARGET_NAME = "Useless but Amusing";
			};
			name = Debug;
		};
		90F4A0EA2A4B72E80071ABE9 /* Release */ = {
			isa = XCBuildConfiguration;
			buildSettings = {
				ALWAYS_EMBED_SWIFT_STANDARD_LIBRARIES = YES;
				CODE_SIGN_STYLE = Automatic;
				CURRENT_PROJECT_VERSION = 1;
				GENERATE_INFOPLIST_FILE = YES;
				MARKETING_VERSION = 1.0;
				PRODUCT_BUNDLE_IDENTIFIER = "com.raenadya.Useless-but-AmusingUITests";
				PRODUCT_NAME = "$(TARGET_NAME)";
				SWIFT_EMIT_LOC_STRINGS = NO;
				SWIFT_VERSION = 5.0;
				TARGETED_DEVICE_FAMILY = "1,2";
				TEST_TARGET_NAME = "Useless but Amusing";
			};
			name = Release;
		};
/* End XCBuildConfiguration section */

/* Begin XCConfigurationList section */
		90F4A0B92A4B72E80071ABE9 /* Build configuration list for PBXProject "Useless but Amusing" */ = {
			isa = XCConfigurationList;
			buildConfigurations = (
				90F4A0E02A4B72E80071ABE9 /* Debug */,
				90F4A0E12A4B72E80071ABE9 /* Release */,
			);
			defaultConfigurationIsVisible = 0;
			defaultConfigurationName = Release;
		};
		90F4A0E22A4B72E80071ABE9 /* Build configuration list for PBXNativeTarget "Useless but Amusing" */ = {
			isa = XCConfigurationList;
			buildConfigurations = (
				90F4A0E32A4B72E80071ABE9 /* Debug */,
				90F4A0E42A4B72E80071ABE9 /* Release */,
			);
			defaultConfigurationIsVisible = 0;
			defaultConfigurationName = Release;
		};
		90F4A0E52A4B72E80071ABE9 /* Build configuration list for PBXNativeTarget "Useless but AmusingTests" */ = {
			isa = XCConfigurationList;
			buildConfigurations = (
				90F4A0E62A4B72E80071ABE9 /* Debug */,
				90F4A0E72A4B72E80071ABE9 /* Release */,
			);
			defaultConfigurationIsVisible = 0;
			defaultConfigurationName = Release;
		};
		90F4A0E82A4B72E80071ABE9 /* Build configuration list for PBXNativeTarget "Useless but AmusingUITests" */ = {
			isa = XCConfigurationList;
			buildConfigurations = (
				90F4A0E92A4B72E80071ABE9 /* Debug */,
				90F4A0EA2A4B72E80071ABE9 /* Release */,
			);
			defaultConfigurationIsVisible = 0;
			defaultConfigurationName = Release;
		};
/* End XCConfigurationList section */
	};
	rootObject = 90F4A0B62A4B72E80071ABE9 /* Project object */;
}
